{
  "name": "urun_kiralama_app",
  "lockfileVersion": 3,
  "requires": true,
  "packages": {
    "": {
      "dependencies": {
        "sweetalert2": "^11.26.10"
      }
    },
    "node_modules/sweetalert2": {
      "version": "11.26.10",
      "resolved": "https://registry.npmjs.org/sweetalert2/-/sweetalert2-11.26.10.tgz",
      "integrity": "sha512-l/aaL9WWbumBOaMvcs4aCKzyQwkQCplSmSGpJD7FuRcSDWZyr2OEDmtcSPj2/w3N2TC2xw48Vg5cL6IkUJnPlQ==",
      "license": "MIT",
      "funding": {
        "type": "individual",
        "url": "https://github.com/sponsors/limonte"
      }
    }
  }
}
